// !$*UTF8*$!
{
	archiveVersion = 1;
	classes = {
	};
	objectVersion = 50;
	objects = {

/* Begin PBXBuildFile section */
		2525B0782185A97B007025C2 /* AppDelegate.swift in Sources */ = {isa = PBXBuildFile; fileRef = 2525B0772185A97B007025C2 /* AppDelegate.swift */; };
		2525B07A2185A97B007025C2 /* ViewController.swift in Sources */ = {isa = PBXBuildFile; fileRef = 2525B0792185A97B007025C2 /* ViewController.swift */; };
		2525B07D2185A97B007025C2 /* Main.storyboard in Resources */ = {isa = PBXBuildFile; fileRef = 2525B07B2185A97B007025C2 /* Main.storyboard */; };
		2525B07F2185A97D007025C2 /* Assets.xcassets in Resources */ = {isa = PBXBuildFile; fileRef = 2525B07E2185A97D007025C2 /* Assets.xcassets */; };
		2525B0822185A97D007025C2 /* LaunchScreen.storyboard in Resources */ = {isa = PBXBuildFile; fileRef = 2525B0802185A97D007025C2 /* LaunchScreen.storyboard */; };
		2525B08D2185A97D007025C2 /* PapayaTests.swift in Sources */ = {isa = PBXBuildFile; fileRef = 2525B08C2185A97D007025C2 /* PapayaTests.swift */; };
		2525B0982185A97D007025C2 /* PapayaUITests.swift in Sources */ = {isa = PBXBuildFile; fileRef = 2525B0972185A97D007025C2 /* PapayaUITests.swift */; };
		2525B0A72185AC82007025C2 /* Globals.swift in Sources */ = {isa = PBXBuildFile; fileRef = 2525B0A62185AC82007025C2 /* Globals.swift */; };
		2525B0AA2185B725007025C2 /* Curve.swift in Sources */ = {isa = PBXBuildFile; fileRef = 2525B0A92185B725007025C2 /* Curve.swift */; };
		2525B0AD2185B853007025C2 /* ViewTemplate.swift in Sources */ = {isa = PBXBuildFile; fileRef = 2525B0AC2185B853007025C2 /* ViewTemplate.swift */; };
		2525B0AF218608C8007025C2 /* CurveTitle.swift in Sources */ = {isa = PBXBuildFile; fileRef = 2525B0AE218608C8007025C2 /* CurveTitle.swift */; };
		255004CF2186A8E0003DF21D /* LucidaGrande.ttf in Resources */ = {isa = PBXBuildFile; fileRef = 255004CD2186A6F2003DF21D /* LucidaGrande.ttf */; };
		255004D02186A8E0003DF21D /* LucidaGrandeBold.ttf in Resources */ = {isa = PBXBuildFile; fileRef = 255004CE2186A6F2003DF21D /* LucidaGrandeBold.ttf */; };
		255004D22186B0E5003DF21D /* Graph.swift in Sources */ = {isa = PBXBuildFile; fileRef = 255004D12186B0E5003DF21D /* Graph.swift */; };
		255004D42186B94D003DF21D /* Geometric.swift in Sources */ = {isa = PBXBuildFile; fileRef = 255004D32186B94D003DF21D /* Geometric.swift */; };
		255004D62186E878003DF21D /* DateExtension.swift in Sources */ = {isa = PBXBuildFile; fileRef = 255004D52186E878003DF21D /* DateExtension.swift */; };
		255004D82186F792003DF21D /* DatesFilter.swift in Sources */ = {isa = PBXBuildFile; fileRef = 255004D72186F792003DF21D /* DatesFilter.swift */; };
		255004DA21899480003DF21D /* XAxis.swift in Sources */ = {isa = PBXBuildFile; fileRef = 255004D921899480003DF21D /* XAxis.swift */; };
		255004DC218D7DA6003DF21D /* YAxis.swift in Sources */ = {isa = PBXBuildFile; fileRef = 255004DB218D7DA6003DF21D /* YAxis.swift */; };
/* End PBXBuildFile section */

/* Begin PBXContainerItemProxy section */
		2525B0892185A97D007025C2 /* PBXContainerItemProxy */ = {
			isa = PBXContainerItemProxy;
			containerPortal = 2525B06C2185A97B007025C2 /* Project object */;
			proxyType = 1;
			remoteGlobalIDString = 2525B0732185A97B007025C2;
			remoteInfo = Papaya;
		};
		2525B0942185A97D007025C2 /* PBXContainerItemProxy */ = {
			isa = PBXContainerItemProxy;
			containerPortal = 2525B06C2185A97B007025C2 /* Project object */;
			proxyType = 1;
			remoteGlobalIDString = 2525B0732185A97B007025C2;
			remoteInfo = Papaya;
		};
/* End PBXContainerItemProxy section */

/* Begin PBXFileReference section */
		2525B0742185A97B007025C2 /* Papaya.app */ = {isa = PBXFileReference; explicitFileType = wrapper.application; includeInIndex = 0; path = Papaya.app; sourceTree = BUILT_PRODUCTS_DIR; };
		2525B0772185A97B007025C2 /* AppDelegate.swift */ = {isa = PBXFileReference; lastKnownFileType = sourcecode.swift; path = AppDelegate.swift; sourceTree = "<group>"; };
		2525B0792185A97B007025C2 /* ViewController.swift */ = {isa = PBXFileReference; lastKnownFileType = sourcecode.swift; path = ViewController.swift; sourceTree = "<group>"; };
		2525B07C2185A97B007025C2 /* Base */ = {isa = PBXFileReference; lastKnownFileType = file.storyboard; name = Base; path = Base.lproj/Main.storyboard; sourceTree = "<group>"; };
		2525B07E2185A97D007025C2 /* Assets.xcassets */ = {isa = PBXFileReference; lastKnownFileType = folder.assetcatalog; path = Assets.xcassets; sourceTree = "<group>"; };
		2525B0812185A97D007025C2 /* Base */ = {isa = PBXFileReference; lastKnownFileType = file.storyboard; name = Base; path = Base.lproj/LaunchScreen.storyboard; sourceTree = "<group>"; };
		2525B0832185A97D007025C2 /* Info.plist */ = {isa = PBXFileReference; lastKnownFileType = text.plist.xml; path = Info.plist; sourceTree = "<group>"; };
		2525B0882185A97D007025C2 /* PapayaTests.xctest */ = {isa = PBXFileReference; explicitFileType = wrapper.cfbundle; includeInIndex = 0; path = PapayaTests.xctest; sourceTree = BUILT_PRODUCTS_DIR; };
		2525B08C2185A97D007025C2 /* PapayaTests.swift */ = {isa = PBXFileReference; lastKnownFileType = sourcecode.swift; path = PapayaTests.swift; sourceTree = "<group>"; };
		2525B08E2185A97D007025C2 /* Info.plist */ = {isa = PBXFileReference; lastKnownFileType = text.plist.xml; path = Info.plist; sourceTree = "<group>"; };
		2525B0932185A97D007025C2 /* PapayaUITests.xctest */ = {isa = PBXFileReference; explicitFileType = wrapper.cfbundle; includeInIndex = 0; path = PapayaUITests.xctest; sourceTree = BUILT_PRODUCTS_DIR; };
		2525B0972185A97D007025C2 /* PapayaUITests.swift */ = {isa = PBXFileReference; lastKnownFileType = sourcecode.swift; path = PapayaUITests.swift; sourceTree = "<group>"; };
		2525B0992185A97D007025C2 /* Info.plist */ = {isa = PBXFileReference; lastKnownFileType = text.plist.xml; path = Info.plist; sourceTree = "<group>"; };
		2525B0A62185AC82007025C2 /* Globals.swift */ = {isa = PBXFileReference; lastKnownFileType = sourcecode.swift; path = Globals.swift; sourceTree = "<group>"; };
		2525B0A92185B725007025C2 /* Curve.swift */ = {isa = PBXFileReference; lastKnownFileType = sourcecode.swift; path = Curve.swift; sourceTree = "<group>"; };
		2525B0AC2185B853007025C2 /* ViewTemplate.swift */ = {isa = PBXFileReference; lastKnownFileType = sourcecode.swift; path = ViewTemplate.swift; sourceTree = "<group>"; };
		2525B0AE218608C8007025C2 /* CurveTitle.swift */ = {isa = PBXFileReference; lastKnownFileType = sourcecode.swift; path = CurveTitle.swift; sourceTree = "<group>"; };
		255004CD2186A6F2003DF21D /* LucidaGrande.ttf */ = {isa = PBXFileReference; lastKnownFileType = file; path = LucidaGrande.ttf; sourceTree = "<group>"; };
		255004CE2186A6F2003DF21D /* LucidaGrandeBold.ttf */ = {isa = PBXFileReference; lastKnownFileType = file; path = LucidaGrandeBold.ttf; sourceTree = "<group>"; };
		255004D12186B0E5003DF21D /* Graph.swift */ = {isa = PBXFileReference; lastKnownFileType = sourcecode.swift; path = Graph.swift; sourceTree = "<group>"; };
		255004D32186B94D003DF21D /* Geometric.swift */ = {isa = PBXFileReference; lastKnownFileType = sourcecode.swift; path = Geometric.swift; sourceTree = "<group>"; };
		255004D52186E878003DF21D /* DateExtension.swift */ = {isa = PBXFileReference; lastKnownFileType = sourcecode.swift; path = DateExtension.swift; sourceTree = "<group>"; };
		255004D72186F792003DF21D /* DatesFilter.swift */ = {isa = PBXFileReference; lastKnownFileType = sourcecode.swift; path = DatesFilter.swift; sourceTree = "<group>"; };
		255004D921899480003DF21D /* XAxis.swift */ = {isa = PBXFileReference; lastKnownFileType = sourcecode.swift; path = XAxis.swift; sourceTree = "<group>"; };
		255004DB218D7DA6003DF21D /* YAxis.swift */ = {isa = PBXFileReference; lastKnownFileType = sourcecode.swift; path = YAxis.swift; sourceTree = "<group>"; };
/* End PBXFileReference section */

/* Begin PBXFrameworksBuildPhase section */
		2525B0712185A97B007025C2 /* Frameworks */ = {
			isa = PBXFrameworksBuildPhase;
			buildActionMask = 2147483647;
			files = (
			);
			runOnlyForDeploymentPostprocessing = 0;
		};
		2525B0852185A97D007025C2 /* Frameworks */ = {
			isa = PBXFrameworksBuildPhase;
			buildActionMask = 2147483647;
			files = (
			);
			runOnlyForDeploymentPostprocessing = 0;
		};
		2525B0902185A97D007025C2 /* Frameworks */ = {
			isa = PBXFrameworksBuildPhase;
			buildActionMask = 2147483647;
			files = (
			);
			runOnlyForDeploymentPostprocessing = 0;
		};
/* End PBXFrameworksBuildPhase section */

/* Begin PBXGroup section */
		2525B06B2185A97B007025C2 = {
			isa = PBXGroup;
			children = (
				255004CB2186A6C3003DF21D /* Assets */,
				2525B0A82185B6C8007025C2 /* Curve */,
				2525B0A52185AAB7007025C2 /* Globals */,
				2525B0762185A97B007025C2 /* Papaya */,
				2525B0AB2185B82C007025C2 /* Templates */,
				2525B08B2185A97D007025C2 /* PapayaTests */,
				2525B0962185A97D007025C2 /* PapayaUITests */,
				2525B0752185A97B007025C2 /* Products */,
			);
			sourceTree = "<group>";
		};
		2525B0752185A97B007025C2 /* Products */ = {
			isa = PBXGroup;
			children = (
				2525B0742185A97B007025C2 /* Papaya.app */,
				2525B0882185A97D007025C2 /* PapayaTests.xctest */,
				2525B0932185A97D007025C2 /* PapayaUITests.xctest */,
			);
			name = Products;
			sourceTree = "<group>";
		};
		2525B0762185A97B007025C2 /* Papaya */ = {
			isa = PBXGroup;
			children = (
				2525B0772185A97B007025C2 /* AppDelegate.swift */,
				2525B0792185A97B007025C2 /* ViewController.swift */,
				2525B07B2185A97B007025C2 /* Main.storyboard */,
				2525B07E2185A97D007025C2 /* Assets.xcassets */,
				2525B0802185A97D007025C2 /* LaunchScreen.storyboard */,
				2525B0832185A97D007025C2 /* Info.plist */,
			);
			path = Papaya;
			sourceTree = "<group>";
		};
		2525B08B2185A97D007025C2 /* PapayaTests */ = {
			isa = PBXGroup;
			children = (
				2525B08C2185A97D007025C2 /* PapayaTests.swift */,
				2525B08E2185A97D007025C2 /* Info.plist */,
			);
			path = PapayaTests;
			sourceTree = "<group>";
		};
		2525B0962185A97D007025C2 /* PapayaUITests */ = {
			isa = PBXGroup;
			children = (
				2525B0972185A97D007025C2 /* PapayaUITests.swift */,
				2525B0992185A97D007025C2 /* Info.plist */,
			);
			path = PapayaUITests;
			sourceTree = "<group>";
		};
		2525B0A52185AAB7007025C2 /* Globals */ = {
			isa = PBXGroup;
			children = (
				2525B0A62185AC82007025C2 /* Globals.swift */,
			);
			path = Globals;
			sourceTree = "<group>";
		};
		2525B0A82185B6C8007025C2 /* Curve */ = {
			isa = PBXGroup;
			children = (
				2525B0A92185B725007025C2 /* Curve.swift */,
				2525B0AE218608C8007025C2 /* CurveTitle.swift */,
				255004D12186B0E5003DF21D /* Graph.swift */,
				255004D921899480003DF21D /* XAxis.swift */,
				255004DB218D7DA6003DF21D /* YAxis.swift */,
				255004D32186B94D003DF21D /* Geometric.swift */,
				255004D72186F792003DF21D /* DatesFilter.swift */,
				255004D52186E878003DF21D /* DateExtension.swift */,
			);
			path = Curve;
			sourceTree = "<group>";
		};
		2525B0AB2185B82C007025C2 /* Templates */ = {
			isa = PBXGroup;
			children = (
				2525B0AC2185B853007025C2 /* ViewTemplate.swift */,
			);
			path = Templates;
			sourceTree = "<group>";
		};
		255004CB2186A6C3003DF21D /* Assets */ = {
			isa = PBXGroup;
			children = (
				255004CC2186A6CB003DF21D /* Fonts */,
			);
			path = Assets;
			sourceTree = "<group>";
		};
		255004CC2186A6CB003DF21D /* Fonts */ = {
			isa = PBXGroup;
			children = (
				255004CD2186A6F2003DF21D /* LucidaGrande.ttf */,
				255004CE2186A6F2003DF21D /* LucidaGrandeBold.ttf */,
			);
			path = Fonts;
			sourceTree = "<group>";
		};
/* End PBXGroup section */

/* Begin PBXNativeTarget section */
		2525B0732185A97B007025C2 /* Papaya */ = {
			isa = PBXNativeTarget;
			buildConfigurationList = 2525B09C2185A97D007025C2 /* Build configuration list for PBXNativeTarget "Papaya" */;
			buildPhases = (
				2525B0702185A97B007025C2 /* Sources */,
				2525B0712185A97B007025C2 /* Frameworks */,
				2525B0722185A97B007025C2 /* Resources */,
			);
			buildRules = (
			);
			dependencies = (
			);
			name = Papaya;
			productName = Papaya;
			productReference = 2525B0742185A97B007025C2 /* Papaya.app */;
			productType = "com.apple.product-type.application";
		};
		2525B0872185A97D007025C2 /* PapayaTests */ = {
			isa = PBXNativeTarget;
			buildConfigurationList = 2525B09F2185A97D007025C2 /* Build configuration list for PBXNativeTarget "PapayaTests" */;
			buildPhases = (
				2525B0842185A97D007025C2 /* Sources */,
				2525B0852185A97D007025C2 /* Frameworks */,
				2525B0862185A97D007025C2 /* Resources */,
			);
			buildRules = (
			);
			dependencies = (
				2525B08A2185A97D007025C2 /* PBXTargetDependency */,
			);
			name = PapayaTests;
			productName = PapayaTests;
			productReference = 2525B0882185A97D007025C2 /* PapayaTests.xctest */;
			productType = "com.apple.product-type.bundle.unit-test";
		};
		2525B0922185A97D007025C2 /* PapayaUITests */ = {
			isa = PBXNativeTarget;
			buildConfigurationList = 2525B0A22185A97D007025C2 /* Build configuration list for PBXNativeTarget "PapayaUITests" */;
			buildPhases = (
				2525B08F2185A97D007025C2 /* Sources */,
				2525B0902185A97D007025C2 /* Frameworks */,
				2525B0912185A97D007025C2 /* Resources */,
			);
			buildRules = (
			);
			dependencies = (
				2525B0952185A97D007025C2 /* PBXTargetDependency */,
			);
			name = PapayaUITests;
			productName = PapayaUITests;
			productReference = 2525B0932185A97D007025C2 /* PapayaUITests.xctest */;
			productType = "com.apple.product-type.bundle.ui-testing";
		};
/* End PBXNativeTarget section */

/* Begin PBXProject section */
		2525B06C2185A97B007025C2 /* Project object */ = {
			isa = PBXProject;
			attributes = {
				LastSwiftUpdateCheck = 1000;
				LastUpgradeCheck = 1000;
				ORGANIZATIONNAME = "ran T";
				TargetAttributes = {
					2525B0732185A97B007025C2 = {
						CreatedOnToolsVersion = 10.0;
					};
					2525B0872185A97D007025C2 = {
						CreatedOnToolsVersion = 10.0;
						TestTargetID = 2525B0732185A97B007025C2;
					};
					2525B0922185A97D007025C2 = {
						CreatedOnToolsVersion = 10.0;
						TestTargetID = 2525B0732185A97B007025C2;
					};
				};
			};
			buildConfigurationList = 2525B06F2185A97B007025C2 /* Build configuration list for PBXProject "Papaya" */;
			compatibilityVersion = "Xcode 9.3";
			developmentRegion = en;
			hasScannedForEncodings = 0;
			knownRegions = (
				en,
				Base,
			);
			mainGroup = 2525B06B2185A97B007025C2;
			productRefGroup = 2525B0752185A97B007025C2 /* Products */;
			projectDirPath = "";
			projectRoot = "";
			targets = (
				2525B0732185A97B007025C2 /* Papaya */,
				2525B0872185A97D007025C2 /* PapayaTests */,
				2525B0922185A97D007025C2 /* PapayaUITests */,
			);
		};
/* End PBXProject section */

/* Begin PBXResourcesBuildPhase section */
		2525B0722185A97B007025C2 /* Resources */ = {
			isa = PBXResourcesBuildPhase;
			buildActionMask = 2147483647;
			files = (
				255004CF2186A8E0003DF21D /* LucidaGrande.ttf in Resources */,
				255004D02186A8E0003DF21D /* LucidaGrandeBold.ttf in Resources */,
				2525B0822185A97D007025C2 /* LaunchScreen.storyboard in Resources */,
				2525B07F2185A97D007025C2 /* Assets.xcassets in Resources */,
				2525B07D2185A97B007025C2 /* Main.storyboard in Resources */,
			);
			runOnlyForDeploymentPostprocessing = 0;
		};
		2525B0862185A97D007025C2 /* Resources */ = {
			isa = PBXResourcesBuildPhase;
			buildActionMask = 2147483647;
			files = (
			);
			runOnlyForDeploymentPostprocessing = 0;
		};
		2525B0912185A97D007025C2 /* Resources */ = {
			isa = PBXResourcesBuildPhase;
			buildActionMask = 2147483647;
			files = (
			);
			runOnlyForDeploymentPostprocessing = 0;
		};
/* End PBXResourcesBuildPhase section */

/* Begin PBXSourcesBuildPhase section */
		2525B0702185A97B007025C2 /* Sources */ = {
			isa = PBXSourcesBuildPhase;
			buildActionMask = 2147483647;
			files = (
				2525B07A2185A97B007025C2 /* ViewController.swift in Sources */,
				255004D42186B94D003DF21D /* Geometric.swift in Sources */,
				2525B0AD2185B853007025C2 /* ViewTemplate.swift in Sources */,
				255004D82186F792003DF21D /* DatesFilter.swift in Sources */,
				255004DC218D7DA6003DF21D /* YAxis.swift in Sources */,
				255004D22186B0E5003DF21D /* Graph.swift in Sources */,
				255004D62186E878003DF21D /* DateExtension.swift in Sources */,
				2525B0AF218608C8007025C2 /* CurveTitle.swift in Sources */,
				2525B0782185A97B007025C2 /* AppDelegate.swift in Sources */,
				2525B0A72185AC82007025C2 /* Globals.swift in Sources */,
				2525B0AA2185B725007025C2 /* Curve.swift in Sources */,
				255004DA21899480003DF21D /* XAxis.swift in Sources */,
			);
			runOnlyForDeploymentPostprocessing = 0;
		};
		2525B0842185A97D007025C2 /* Sources */ = {
			isa = PBXSourcesBuildPhase;
			buildActionMask = 2147483647;
			files = (
				2525B08D2185A97D007025C2 /* PapayaTests.swift in Sources */,
			);
			runOnlyForDeploymentPostprocessing = 0;
		};
		2525B08F2185A97D007025C2 /* Sources */ = {
			isa = PBXSourcesBuildPhase;
			buildActionMask = 2147483647;
			files = (
				2525B0982185A97D007025C2 /* PapayaUITests.swift in Sources */,
			);
			runOnlyForDeploymentPostprocessing = 0;
		};
/* End PBXSourcesBuildPhase section */

/* Begin PBXTargetDependency section */
		2525B08A2185A97D007025C2 /* PBXTargetDependency */ = {
			isa = PBXTargetDependency;
			target = 2525B0732185A97B007025C2 /* Papaya */;
			targetProxy = 2525B0892185A97D007025C2 /* PBXContainerItemProxy */;
		};
		2525B0952185A97D007025C2 /* PBXTargetDependency */ = {
			isa = PBXTargetDependency;
			target = 2525B0732185A97B007025C2 /* Papaya */;
			targetProxy = 2525B0942185A97D007025C2 /* PBXContainerItemProxy */;
		};
/* End PBXTargetDependency section */

/* Begin PBXVariantGroup section */
		2525B07B2185A97B007025C2 /* Main.storyboard */ = {
			isa = PBXVariantGroup;
			children = (
				2525B07C2185A97B007025C2 /* Base */,
			);
			name = Main.storyboard;
			sourceTree = "<group>";
		};
		2525B0802185A97D007025C2 /* LaunchScreen.storyboard */ = {
			isa = PBXVariantGroup;
			children = (
				2525B0812185A97D007025C2 /* Base */,
			);
			name = LaunchScreen.storyboard;
			sourceTree = "<group>";
		};
/* End PBXVariantGroup section */

/* Begin XCBuildConfiguration section */
		2525B09A2185A97D007025C2 /* Debug */ = {
			isa = XCBuildConfiguration;
			buildSettings = {
				ALWAYS_SEARCH_USER_PATHS = NO;
				CLANG_ANALYZER_NONNULL = YES;
				CLANG_ANALYZER_NUMBER_OBJECT_CONVERSION = YES_AGGRESSIVE;
				CLANG_CXX_LANGUAGE_STANDARD = "gnu++14";
				CLANG_CXX_LIBRARY = "libc++";
				CLANG_ENABLE_MODULES = YES;
				CLANG_ENABLE_OBJC_ARC = YES;
				CLANG_ENABLE_OBJC_WEAK = YES;
				CLANG_WARN_BLOCK_CAPTURE_AUTORELEASING = YES;
				CLANG_WARN_BOOL_CONVERSION = YES;
				CLANG_WARN_COMMA = YES;
				CLANG_WARN_CONSTANT_CONVERSION = YES;
				CLANG_WARN_DEPRECATED_OBJC_IMPLEMENTATIONS = YES;
				CLANG_WARN_DIRECT_OBJC_ISA_USAGE = YES_ERROR;
				CLANG_WARN_DOCUMENTATION_COMMENTS = YES;
				CLANG_WARN_EMPTY_BODY = YES;
				CLANG_WARN_ENUM_CONVERSION = YES;
				CLANG_WARN_INFINITE_RECURSION = YES;
				CLANG_WARN_INT_CONVERSION = YES;
				CLANG_WARN_NON_LITERAL_NULL_CONVERSION = YES;
				CLANG_WARN_OBJC_IMPLICIT_RETAIN_SELF = YES;
				CLANG_WARN_OBJC_LITERAL_CONVERSION = YES;
				CLANG_WARN_OBJC_ROOT_CLASS = YES_ERROR;
				CLANG_WARN_RANGE_LOOP_ANALYSIS = YES;
				CLANG_WARN_STRICT_PROTOTYPES = YES;
				CLANG_WARN_SUSPICIOUS_MOVE = YES;
				CLANG_WARN_UNGUARDED_AVAILABILITY = YES_AGGRESSIVE;
				CLANG_WARN_UNREACHABLE_CODE = YES;
				CLANG_WARN__DUPLICATE_METHOD_MATCH = YES;
				CODE_SIGN_IDENTITY = "iPhone Developer";
				COPY_PHASE_STRIP = NO;
				DEBUG_INFORMATION_FORMAT = dwarf;
				ENABLE_STRICT_OBJC_MSGSEND = YES;
				ENABLE_TESTABILITY = YES;
				GCC_C_LANGUAGE_STANDARD = gnu11;
				GCC_DYNAMIC_NO_PIC = NO;
				GCC_NO_COMMON_BLOCKS = YES;
				GCC_OPTIMIZATION_LEVEL = 0;
				GCC_PREPROCESSOR_DEFINITIONS = (
					"DEBUG=1",
					"$(inherited)",
				);
				GCC_WARN_64_TO_32_BIT_CONVERSION = YES;
				GCC_WARN_ABOUT_RETURN_TYPE = YES_ERROR;
				GCC_WARN_UNDECLARED_SELECTOR = YES;
				GCC_WARN_UNINITIALIZED_AUTOS = YES_AGGRESSIVE;
				GCC_WARN_UNUSED_FUNCTION = YES;
				GCC_WARN_UNUSED_VARIABLE = YES;
				IPHONEOS_DEPLOYMENT_TARGET = 12.0;
				MTL_ENABLE_DEBUG_INFO = INCLUDE_SOURCE;
				MTL_FAST_MATH = YES;
				ONLY_ACTIVE_ARCH = YES;
				SDKROOT = iphoneos;
				SWIFT_ACTIVE_COMPILATION_CONDITIONS = DEBUG;
				SWIFT_OPTIMIZATION_LEVEL = "-Onone";
			};
			name = Debug;
		};
		2525B09B2185A97D007025C2 /* Release */ = {
			isa = XCBuildConfiguration;
			buildSettings = {
				ALWAYS_SEARCH_USER_PATHS = NO;
				CLANG_ANALYZER_NONNULL = YES;
				CLANG_ANALYZER_NUMBER_OBJECT_CONVERSION = YES_AGGRESSIVE;
				CLANG_CXX_LANGUAGE_STANDARD = "gnu++14";
				CLANG_CXX_LIBRARY = "libc++";
				CLANG_ENABLE_MODULES = YES;
				CLANG_ENABLE_OBJC_ARC = YES;
				CLANG_ENABLE_OBJC_WEAK = YES;
				CLANG_WARN_BLOCK_CAPTURE_AUTORELEASING = YES;
				CLANG_WARN_BOOL_CONVERSION = YES;
				CLANG_WARN_COMMA = YES;
				CLANG_WARN_CONSTANT_CONVERSION = YES;
				CLANG_WARN_DEPRECATED_OBJC_IMPLEMENTATIONS = YES;
				CLANG_WARN_DIRECT_OBJC_ISA_USAGE = YES_ERROR;
				CLANG_WARN_DOCUMENTATION_COMMENTS = YES;
				CLANG_WARN_EMPTY_BODY = YES;
				CLANG_WARN_ENUM_CONVERSION = YES;
				CLANG_WARN_INFINITE_RECURSION = YES;
				CLANG_WARN_INT_CONVERSION = YES;
				CLANG_WARN_NON_LITERAL_NULL_CONVERSION = YES;
				CLANG_WARN_OBJC_IMPLICIT_RETAIN_SELF = YES;
				CLANG_WARN_OBJC_LITERAL_CONVERSION = YES;
				CLANG_WARN_OBJC_ROOT_CLASS = YES_ERROR;
				CLANG_WARN_RANGE_LOOP_ANALYSIS = YES;
				CLANG_WARN_STRICT_PROTOTYPES = YES;
				CLANG_WARN_SUSPICIOUS_MOVE = YES;
				CLANG_WARN_UNGUARDED_AVAILABILITY = YES_AGGRESSIVE;
				CLANG_WARN_UNREACHABLE_CODE = YES;
				CLANG_WARN__DUPLICATE_METHOD_MATCH = YES;
				CODE_SIGN_IDENTITY = "iPhone Developer";
				COPY_PHASE_STRIP = NO;
				DEBUG_INFORMATION_FORMAT = "dwarf-with-dsym";
				ENABLE_NS_ASSERTIONS = NO;
				ENABLE_STRICT_OBJC_MSGSEND = YES;
				GCC_C_LANGUAGE_STANDARD = gnu11;
				GCC_NO_COMMON_BLOCKS = YES;
				GCC_WARN_64_TO_32_BIT_CONVERSION = YES;
				GCC_WARN_ABOUT_RETURN_TYPE = YES_ERROR;
				GCC_WARN_UNDECLARED_SELECTOR = YES;
				GCC_WARN_UNINITIALIZED_AUTOS = YES_AGGRESSIVE;
				GCC_WARN_UNUSED_FUNCTION = YES;
				GCC_WARN_UNUSED_VARIABLE = YES;
				IPHONEOS_DEPLOYMENT_TARGET = 12.0;
				MTL_ENABLE_DEBUG_INFO = NO;
				MTL_FAST_MATH = YES;
				SDKROOT = iphoneos;
				SWIFT_COMPILATION_MODE = wholemodule;
				SWIFT_OPTIMIZATION_LEVEL = "-O";
				VALIDATE_PRODUCT = YES;
			};
			name = Release;
		};
		2525B09D2185A97D007025C2 /* Debug */ = {
			isa = XCBuildConfiguration;
			buildSettings = {
				ASSETCATALOG_COMPILER_APPICON_NAME = AppIcon;
				CODE_SIGN_STYLE = Automatic;
				DEVELOPMENT_TEAM = 94L58G2J62;
				INFOPLIST_FILE = Papaya/Info.plist;
				LD_RUNPATH_SEARCH_PATHS = (
					"$(inherited)",
					"@executable_path/Frameworks",
				);
				PRODUCT_BUNDLE_IDENTIFIER = com.ran.Papaya;
				PRODUCT_NAME = "$(TARGET_NAME)";
				SWIFT_VERSION = 4.2;
				TARGETED_DEVICE_FAMILY = "1,2";
			};
			name = Debug;
		};
		2525B09E2185A97D007025C2 /* Release */ = {
			isa = XCBuildConfiguration;
			buildSettings = {
				ASSETCATALOG_COMPILER_APPICON_NAME = AppIcon;
				CODE_SIGN_STYLE = Automatic;
				DEVELOPMENT_TEAM = 94L58G2J62;
				INFOPLIST_FILE = Papaya/Info.plist;
				LD_RUNPATH_SEARCH_PATHS = (
					"$(inherited)",
					"@executable_path/Frameworks",
				);
				PRODUCT_BUNDLE_IDENTIFIER = com.ran.Papaya;
				PRODUCT_NAME = "$(TARGET_NAME)";
				SWIFT_VERSION = 4.2;
				TARGETED_DEVICE_FAMILY = "1,2";
			};
			name = Release;
		};
		2525B0A02185A97D007025C2 /* Debug */ = {
			isa = XCBuildConfiguration;
			buildSettings = {
				ALWAYS_EMBED_SWIFT_STANDARD_LIBRARIES = YES;
				BUNDLE_LOADER = "$(TEST_HOST)";
				CODE_SIGN_STYLE = Automatic;
				DEVELOPMENT_TEAM = 94L58G2J62;
				INFOPLIST_FILE = PapayaTests/Info.plist;
				LD_RUNPATH_SEARCH_PATHS = (
					"$(inherited)",
					"@executable_path/Frameworks",
					"@loader_path/Frameworks",
				);
				PRODUCT_BUNDLE_IDENTIFIER = com.ran.PapayaTests;
				PRODUCT_NAME = "$(TARGET_NAME)";
				SWIFT_VERSION = 4.2;
				TARGETED_DEVICE_FAMILY = "1,2";
				TEST_HOST = "$(BUILT_PRODUCTS_DIR)/Papaya.app/Papaya";
			};
			name = Debug;
		};
		2525B0A12185A97D007025C2 /* Release */ = {
			isa = XCBuildConfiguration;
			buildSettings = {
				ALWAYS_EMBED_SWIFT_STANDARD_LIBRARIES = YES;
				BUNDLE_LOADER = "$(TEST_HOST)";
				CODE_SIGN_STYLE = Automatic;
				DEVELOPMENT_TEAM = 94L58G2J62;
				INFOPLIST_FILE = PapayaTests/Info.plist;
				LD_RUNPATH_SEARCH_PATHS = (
					"$(inherited)",
					"@executable_path/Frameworks",
					"@loader_path/Frameworks",
				);
				PRODUCT_BUNDLE_IDENTIFIER = com.ran.PapayaTests;
				PRODUCT_NAME = "$(TARGET_NAME)";
				SWIFT_VERSION = 4.2;
				TARGETED_DEVICE_FAMILY = "1,2";
				TEST_HOST = "$(BUILT_PRODUCTS_DIR)/Papaya.app/Papaya";
			};
			name = Release;
		};
		2525B0A32185A97D007025C2 /* Debug */ = {
			isa = XCBuildConfiguration;
			buildSettings = {
				ALWAYS_EMBED_SWIFT_STANDARD_LIBRARIES = YES;
				CODE_SIGN_STYLE = Automatic;
				DEVELOPMENT_TEAM = 94L58G2J62;
				INFOPLIST_FILE = PapayaUITests/Info.plist;
				LD_RUNPATH_SEARCH_PATHS = (
					"$(inherited)",
					"@executable_path/Frameworks",
					"@loader_path/Frameworks",
				);
				PRODUCT_BUNDLE_IDENTIFIER = com.ran.PapayaUITests;
				PRODUCT_NAME = "$(TARGET_NAME)";
				SWIFT_VERSION = 4.2;
				TARGETED_DEVICE_FAMILY = "1,2";
				TEST_TARGET_NAME = Papaya;
			};
			name = Debug;
		};
		2525B0A42185A97D007025C2 /* Release */ = {
			isa = XCBuildConfiguration;
			buildSettings = {
				ALWAYS_EMBED_SWIFT_STANDARD_LIBRARIES = YES;
				CODE_SIGN_STYLE = Automatic;
				DEVELOPMENT_TEAM = 94L58G2J62;
				INFOPLIST_FILE = PapayaUITests/Info.plist;
				LD_RUNPATH_SEARCH_PATHS = (
					"$(inherited)",
					"@executable_path/Frameworks",
					"@loader_path/Frameworks",
				);
				PRODUCT_BUNDLE_IDENTIFIER = com.ran.PapayaUITests;
				PRODUCT_NAME = "$(TARGET_NAME)";
				SWIFT_VERSION = 4.2;
				TARGETED_DEVICE_FAMILY = "1,2";
				TEST_TARGET_NAME = Papaya;
			};
			name = Release;
		};
/* End XCBuildConfiguration section */

/* Begin XCConfigurationList section */
		2525B06F2185A97B007025C2 /* Build configuration list for PBXProject "Papaya" */ = {
			isa = XCConfigurationList;
			buildConfigurations = (
				2525B09A2185A97D007025C2 /* Debug */,
				2525B09B2185A97D007025C2 /* Release */,
			);
			defaultConfigurationIsVisible = 0;
			defaultConfigurationName = Release;
		};
		2525B09C2185A97D007025C2 /* Build configuration list for PBXNativeTarget "Papaya" */ = {
			isa = XCConfigurationList;
			buildConfigurations = (
				2525B09D2185A97D007025C2 /* Debug */,
				2525B09E2185A97D007025C2 /* Release */,
			);
			defaultConfigurationIsVisible = 0;
			defaultConfigurationName = Release;
		};
		2525B09F2185A97D007025C2 /* Build configuration list for PBXNativeTarget "PapayaTests" */ = {
			isa = XCConfigurationList;
			buildConfigurations = (
				2525B0A02185A97D007025C2 /* Debug */,
				2525B0A12185A97D007025C2 /* Release */,
			);
			defaultConfigurationIsVisible = 0;
			defaultConfigurationName = Release;
		};
		2525B0A22185A97D007025C2 /* Build configuration list for PBXNativeTarget "PapayaUITests" */ = {
			isa = XCConfigurationList;
			buildConfigurations = (
				2525B0A32185A97D007025C2 /* Debug */,
				2525B0A42185A97D007025C2 /* Release */,
			);
			defaultConfigurationIsVisible = 0;
			defaultConfigurationName = Release;
		};
/* End XCConfigurationList section */
	};
	rootObject = 2525B06C2185A97B007025C2 /* Project object */;
}
